
Microsoft Visual Studio Solution File, Format Version 12.00
# Visual Studio Version 17
VisualStudioVersion = 17.12.35527.113 d17.12
MinimumVisualStudioVersion = 10.0.40219.1
Project("{888888A0-9F3D-457C-B088-3A5042F75D52}") = "PythonExcelRestart_v02", "PythonExcelRestart_v02\PythonExcelRestart_v02.pyproj", "{93D52EEC-4EB9-423A-9D06-7B668E35D2E8}"
EndProject
Global
	GlobalSection(SolutionConfigurationPlatforms) = preSolution
		Debug|Any CPU = Debug|Any CPU
		Release|Any CPU = Release|Any CPU
	EndGlobalSection
	GlobalSection(ProjectConfigurationPlatforms) = postSolution
		{93D52EEC-4EB9-423A-9D06-7B668E35D2E8}.Debug|Any CPU.ActiveCfg = Debug|Any CPU
		{93D52EEC-4EB9-423A-9D06-7B668E35D2E8}.Release|Any CPU.ActiveCfg = Release|Any CPU
	EndGlobalSection
	GlobalSection(SolutionProperties) = preSolution
		HideSolutionNode = FALSE
	EndGlobalSection
EndGlobal
